// !$*UTF8*$!
{
	archiveVersion = 1;
	classes = {
	};
	objectVersion = 46;
	objects = {

/* Begin PBXBuildFile section */
		551DDFC813F93CE500518F8E /* CatBody.png in Resources */ = {isa = PBXBuildFile; fileRef = 551DDFC613F93CE500518F8E /* CatBody.png */; };
		551DDFC913F93CE500518F8E /* CatHead.png in Resources */ = {isa = PBXBuildFile; fileRef = 551DDFC713F93CE500518F8E /* CatHead.png */; };
		551DDFCC13F9487900518F8E /* AVFoundation.framework in Frameworks */ = {isa = PBXBuildFile; fileRef = 551DDFCB13F9487900518F8E /* AVFoundation.framework */; };
		551DDFCF13F94B7100518F8E /* Laugh.wav in Resources */ = {isa = PBXBuildFile; fileRef = 551DDFCE13F94B7100518F8E /* Laugh.wav */; };
		551DDFD613F9668500518F8E /* CatBody@2x.png in Resources */ = {isa = PBXBuildFile; fileRef = 551DDFD413F9668500518F8E /* CatBody@2x.png */; };
		551DDFD713F9668500518F8E /* CatHead@2x.png in Resources */ = {isa = PBXBuildFile; fileRef = 551DDFD513F9668500518F8E /* CatHead@2x.png */; };
		5559285013F9312D0050D547 /* UIKit.framework in Frameworks */ = {isa = PBXBuildFile; fileRef = 5559284F13F9312D0050D547 /* UIKit.framework */; };
		5559285213F9312D0050D547 /* Foundation.framework in Frameworks */ = {isa = PBXBuildFile; fileRef = 5559285113F9312D0050D547 /* Foundation.framework */; };
		5559285413F9312D0050D547 /* CoreGraphics.framework in Frameworks */ = {isa = PBXBuildFile; fileRef = 5559285313F9312D0050D547 /* CoreGraphics.framework */; };
		5559285A13F9312D0050D547 /* InfoPlist.strings in Resources */ = {isa = PBXBuildFile; fileRef = 5559285813F9312D0050D547 /* InfoPlist.strings */; };
		5559285C13F9312D0050D547 /* main.m in Sources */ = {isa = PBXBuildFile; fileRef = 5559285B13F9312D0050D547 /* main.m */; };
		5559286013F9312D0050D547 /* AppDelegate.m in Sources */ = {isa = PBXBuildFile; fileRef = 5559285F13F9312D0050D547 /* AppDelegate.m */; };
		5559286313F9312D0050D547 /* MainWindow.xib in Resources */ = {isa = PBXBuildFile; fileRef = 5559286113F9312D0050D547 /* MainWindow.xib */; };
		5559286613F9312D0050D547 /* LaughingCatViewController.m in Sources */ = {isa = PBXBuildFile; fileRef = 5559286513F9312D0050D547 /* LaughingCatViewController.m */; };
		5559286913F9312D0050D547 /* LaughingCatViewController.xib in Resources */ = {isa = PBXBuildFile; fileRef = 5559286713F9312D0050D547 /* LaughingCatViewController.xib */; };
/* End PBXBuildFile section */

/* Begin PBXFileReference section */
		551DDFC613F93CE500518F8E /* CatBody.png */ = {isa = PBXFileReference; lastKnownFileType = image.png; path = CatBody.png; sourceTree = "<group>"; };
		551DDFC713F93CE500518F8E /* CatHead.png */ = {isa = PBXFileReference; lastKnownFileType = image.png; path = CatHead.png; sourceTree = "<group>"; };
		551DDFCB13F9487900518F8E /* AVFoundation.framework */ = {isa = PBXFileReference; lastKnownFileType = wrapper.framework; name = AVFoundation.framework; path = System/Library/Frameworks/AVFoundation.framework; sourceTree = SDKROOT; };
		551DDFCE13F94B7100518F8E /* Laugh.wav */ = {isa = PBXFileReference; lastKnownFileType = audio.wav; path = Laugh.wav; sourceTree = "<group>"; };
		551DDFD413F9668500518F8E /* CatBody@2x.png */ = {isa = PBXFileReference; lastKnownFileType = image.png; path = "CatBody@2x.png"; sourceTree = "<group>"; };
		551DDFD513F9668500518F8E /* CatHead@2x.png */ = {isa = PBXFileReference; lastKnownFileType = image.png; path = "CatHead@2x.png"; sourceTree = "<group>"; };
		5559284B13F9312D0050D547 /* LaughingCat.app */ = {isa = PBXFileReference; explicitFileType = wrapper.application; includeInIndex = 0; path = LaughingCat.app; sourceTree = BUILT_PRODUCTS_DIR; };
		5559284F13F9312D0050D547 /* UIKit.framework */ = {isa = PBXFileReference; lastKnownFileType = wrapper.framework; name = UIKit.framework; path = System/Library/Frameworks/UIKit.framework; sourceTree = SDKROOT; };
		5559285113F9312D0050D547 /* Foundation.framework */ = {isa = PBXFileReference; lastKnownFileType = wrapper.framework; name = Foundation.framework; path = System/Library/Frameworks/Foundation.framework; sourceTree = SDKROOT; };
		5559285313F9312D0050D547 /* CoreGraphics.framework */ = {isa = PBXFileReference; lastKnownFileType = wrapper.framework; name = CoreGraphics.framework; path = System/Library/Frameworks/CoreGraphics.framework; sourceTree = SDKROOT; };
		5559285713F9312D0050D547 /* LaughingCat-Info.plist */ = {isa = PBXFileReference; lastKnownFileType = text.plist.xml; path = "LaughingCat-Info.plist"; sourceTree = "<group>"; };
		5559285913F9312D0050D547 /* en */ = {isa = PBXFileReference; lastKnownFileType = text.plist.strings; name = en; path = en.lproj/InfoPlist.strings; sourceTree = "<group>"; };
		5559285B13F9312D0050D547 /* main.m */ = {isa = PBXFileReference; lastKnownFileType = sourcecode.c.objc; path = main.m; sourceTree = "<group>"; };
		5559285D13F9312D0050D547 /* LaughingCat-Prefix.pch */ = {isa = PBXFileReference; lastKnownFileType = sourcecode.c.h; path = "LaughingCat-Prefix.pch"; sourceTree = "<group>"; };
		5559285E13F9312D0050D547 /* AppDelegate.h */ = {isa = PBXFileReference; lastKnownFileType = sourcecode.c.h; path = AppDelegate.h; sourceTree = "<group>"; };
		5559285F13F9312D0050D547 /* AppDelegate.m */ = {isa = PBXFileReference; lastKnownFileType = sourcecode.c.objc; path = AppDelegate.m; sourceTree = "<group>"; };
		5559286213F9312D0050D547 /* en */ = {isa = PBXFileReference; lastKnownFileType = file.xib; name = en; path = en.lproj/MainWindow.xib; sourceTree = "<group>"; };
		5559286413F9312D0050D547 /* LaughingCatViewController.h */ = {isa = PBXFileReference; lastKnownFileType = sourcecode.c.h; path = LaughingCatViewController.h; sourceTree = "<group>"; };
		5559286513F9312D0050D547 /* LaughingCatViewController.m */ = {isa = PBXFileReference; lastKnownFileType = sourcecode.c.objc; path = LaughingCatViewController.m; sourceTree = "<group>"; };
		5559286813F9312D0050D547 /* en */ = {isa = PBXFileReference; lastKnownFileType = file.xib; name = en; path = en.lproj/LaughingCatViewController.xib; sourceTree = "<group>"; };
/* End PBXFileReference section */

/* Begin PBXFrameworksBuildPhase section */
		5559284813F9312D0050D547 /* Frameworks */ = {
			isa = PBXFrameworksBuildPhase;
			buildActionMask = 2147483647;
			files = (
				551DDFCC13F9487900518F8E /* AVFoundation.framework in Frameworks */,
				5559285013F9312D0050D547 /* UIKit.framework in Frameworks */,
				5559285213F9312D0050D547 /* Foundation.framework in Frameworks */,
				5559285413F9312D0050D547 /* CoreGraphics.framework in Frameworks */,
			);
			runOnlyForDeploymentPostprocessing = 0;
		};
/* End PBXFrameworksBuildPhase section */

/* Begin PBXGroup section */
		551DDFC513F93CE500518F8E /* Images */ = {
			isa = PBXGroup;
			children = (
				551DDFC713F93CE500518F8E /* CatHead.png */,
				551DDFD513F9668500518F8E /* CatHead@2x.png */,
				551DDFC613F93CE500518F8E /* CatBody.png */,
				551DDFD413F9668500518F8E /* CatBody@2x.png */,
			);
			path = Images;
			sourceTree = "<group>";
		};
		551DDFCD13F94B7100518F8E /* Sounds */ = {
			isa = PBXGroup;
			children = (
				551DDFCE13F94B7100518F8E /* Laugh.wav */,
			);
			path = Sounds;
			sourceTree = "<group>";
		};
		5559284013F9312D0050D547 = {
			isa = PBXGroup;
			children = (
				5559285513F9312D0050D547 /* LaughingCat */,
				5559284E13F9312D0050D547 /* Frameworks */,
				5559284C13F9312D0050D547 /* Products */,
			);
			sourceTree = "<group>";
		};
		5559284C13F9312D0050D547 /* Products */ = {
			isa = PBXGroup;
			children = (
				5559284B13F9312D0050D547 /* LaughingCat.app */,
			);
			name = Products;
			sourceTree = "<group>";
		};
		5559284E13F9312D0050D547 /* Frameworks */ = {
			isa = PBXGroup;
			children = (
				5559285113F9312D0050D547 /* Foundation.framework */,
				5559285313F9312D0050D547 /* CoreGraphics.framework */,
				5559284F13F9312D0050D547 /* UIKit.framework */,
				551DDFCB13F9487900518F8E /* AVFoundation.framework */,
			);
			name = Frameworks;
			sourceTree = "<group>";
		};
		5559285513F9312D0050D547 /* LaughingCat */ = {
			isa = PBXGroup;
			children = (
				5559285E13F9312D0050D547 /* AppDelegate.h */,
				5559285F13F9312D0050D547 /* AppDelegate.m */,
				5559286113F9312D0050D547 /* MainWindow.xib */,
				5559286413F9312D0050D547 /* LaughingCatViewController.h */,
				5559286513F9312D0050D547 /* LaughingCatViewController.m */,
				5559286713F9312D0050D547 /* LaughingCatViewController.xib */,
				551DDFCD13F94B7100518F8E /* Sounds */,
				551DDFC513F93CE500518F8E /* Images */,
				5559285613F9312D0050D547 /* Supporting Files */,
			);
			path = LaughingCat;
			sourceTree = "<group>";
		};
		5559285613F9312D0050D547 /* Supporting Files */ = {
			isa = PBXGroup;
			children = (
				5559285713F9312D0050D547 /* LaughingCat-Info.plist */,
				5559285813F9312D0050D547 /* InfoPlist.strings */,
				5559285B13F9312D0050D547 /* main.m */,
				5559285D13F9312D0050D547 /* LaughingCat-Prefix.pch */,
			);
			name = "Supporting Files";
			sourceTree = "<group>";
		};
/* End PBXGroup section */

/* Begin PBXNativeTarget section */
		5559284A13F9312D0050D547 /* LaughingCat */ = {
			isa = PBXNativeTarget;
			buildConfigurationList = 5559286C13F9312D0050D547 /* Build configuration list for PBXNativeTarget "LaughingCat" */;
			buildPhases = (
				5559284713F9312D0050D547 /* Sources */,
				5559284813F9312D0050D547 /* Frameworks */,
				5559284913F9312D0050D547 /* Resources */,
			);
			buildRules = (
			);
			dependencies = (
			);
			name = LaughingCat;
			productName = LaughingCat;
			productReference = 5559284B13F9312D0050D547 /* LaughingCat.app */;
			productType = "com.apple.product-type.application";
		};
/* End PBXNativeTarget section */

/* Begin PBXProject section */
		5559284213F9312D0050D547 /* Project object */ = {
			isa = PBXProject;
			attributes = {
				ORGANIZATIONNAME = "Shiny Development Ltd.";
			};
			buildConfigurationList = 5559284513F9312D0050D547 /* Build configuration list for PBXProject "LaughingCat" */;
			compatibilityVersion = "Xcode 3.2";
			developmentRegion = English;
			hasScannedForEncodings = 0;
			knownRegions = (
				en,
			);
			mainGroup = 5559284013F9312D0050D547;
			productRefGroup = 5559284C13F9312D0050D547 /* Products */;
			projectDirPath = "";
			projectRoot = "";
			targets = (
				5559284A13F9312D0050D547 /* LaughingCat */,
			);
		};
/* End PBXProject section */

/* Begin PBXResourcesBuildPhase section */
		5559284913F9312D0050D547 /* Resources */ = {
			isa = PBXResourcesBuildPhase;
			buildActionMask = 2147483647;
			files = (
				5559285A13F9312D0050D547 /* InfoPlist.strings in Resources */,
				5559286313F9312D0050D547 /* MainWindow.xib in Resources */,
				5559286913F9312D0050D547 /* LaughingCatViewController.xib in Resources */,
				551DDFC813F93CE500518F8E /* CatBody.png in Resources */,
				551DDFC913F93CE500518F8E /* CatHead.png in Resources */,
				551DDFCF13F94B7100518F8E /* Laugh.wav in Resources */,
				551DDFD613F9668500518F8E /* CatBody@2x.png in Resources */,
				551DDFD713F9668500518F8E /* CatHead@2x.png in Resources */,
			);
			runOnlyForDeploymentPostprocessing = 0;
		};
/* End PBXResourcesBuildPhase section */

/* Begin PBXSourcesBuildPhase section */
		5559284713F9312D0050D547 /* Sources */ = {
			isa = PBXSourcesBuildPhase;
			buildActionMask = 2147483647;
			files = (
				5559285C13F9312D0050D547 /* main.m in Sources */,
				5559286013F9312D0050D547 /* AppDelegate.m in Sources */,
				5559286613F9312D0050D547 /* LaughingCatViewController.m in Sources */,
			);
			runOnlyForDeploymentPostprocessing = 0;
		};
/* End PBXSourcesBuildPhase section */

/* Begin PBXVariantGroup section */
		5559285813F9312D0050D547 /* InfoPlist.strings */ = {
			isa = PBXVariantGroup;
			children = (
				5559285913F9312D0050D547 /* en */,
			);
			name = InfoPlist.strings;
			sourceTree = "<group>";
		};
		5559286113F9312D0050D547 /* MainWindow.xib */ = {
			isa = PBXVariantGroup;
			children = (
				5559286213F9312D0050D547 /* en */,
			);
			name = MainWindow.xib;
			sourceTree = "<group>";
		};
		5559286713F9312D0050D547 /* LaughingCatViewController.xib */ = {
			isa = PBXVariantGroup;
			children = (
				5559286813F9312D0050D547 /* en */,
			);
			name = LaughingCatViewController.xib;
			sourceTree = "<group>";
		};
/* End PBXVariantGroup section */

/* Begin XCBuildConfiguration section */
		5559286A13F9312D0050D547 /* Debug */ = {
			isa = XCBuildConfiguration;
			buildSettings = {
				ALWAYS_SEARCH_USER_PATHS = NO;
				ARCHS = "$(ARCHS_STANDARD_32_BIT)";
				"CODE_SIGN_IDENTITY[sdk=iphoneos*]" = "iPhone Developer";
				COPY_PHASE_STRIP = NO;
				GCC_C_LANGUAGE_STANDARD = gnu99;
				GCC_DYNAMIC_NO_PIC = NO;
				GCC_OPTIMIZATION_LEVEL = 0;
				GCC_PREPROCESSOR_DEFINITIONS = (
					"DEBUG=1",
					"$(inherited)",
				);
				GCC_SYMBOLS_PRIVATE_EXTERN = NO;
				GCC_VERSION = com.apple.compilers.llvm.clang.1_0;
				GCC_WARN_ABOUT_MISSING_PROTOTYPES = YES;
				GCC_WARN_ABOUT_RETURN_TYPE = YES;
				GCC_WARN_UNUSED_VARIABLE = YES;
				IPHONEOS_DEPLOYMENT_TARGET = 4.3;
				SDKROOT = iphoneos;
			};
			name = Debug;
		};
		5559286B13F9312D0050D547 /* Release */ = {
			isa = XCBuildConfiguration;
			buildSettings = {
				ALWAYS_SEARCH_USER_PATHS = NO;
				ARCHS = "$(ARCHS_STANDARD_32_BIT)";
				"CODE_SIGN_IDENTITY[sdk=iphoneos*]" = "iPhone Developer";
				COPY_PHASE_STRIP = YES;
				GCC_C_LANGUAGE_STANDARD = gnu99;
				GCC_VERSION = com.apple.compilers.llvm.clang.1_0;
				GCC_WARN_ABOUT_MISSING_PROTOTYPES = YES;
				GCC_WARN_ABOUT_RETURN_TYPE = YES;
				GCC_WARN_UNUSED_VARIABLE = YES;
				IPHONEOS_DEPLOYMENT_TARGET = 4.3;
				OTHER_CFLAGS = "-DNS_BLOCK_ASSERTIONS=1";
				SDKROOT = iphoneos;
				VALIDATE_PRODUCT = YES;
			};
			name = Release;
		};
		5559286D13F9312D0050D547 /* Debug */ = {
			isa = XCBuildConfiguration;
			buildSettings = {
				GCC_PRECOMPILE_PREFIX_HEADER = YES;
				GCC_PREFIX_HEADER = "LaughingCat/LaughingCat-Prefix.pch";
				INFOPLIST_FILE = "LaughingCat/LaughingCat-Info.plist";
				PRODUCT_NAME = "$(TARGET_NAME)";
				WRAPPER_EXTENSION = app;
			};
			name = Debug;
		};
		5559286E13F9312D0050D547 /* Release */ = {
			isa = XCBuildConfiguration;
			buildSettings = {
				GCC_PRECOMPILE_PREFIX_HEADER = YES;
				GCC_PREFIX_HEADER = "LaughingCat/LaughingCat-Prefix.pch";
				INFOPLIST_FILE = "LaughingCat/LaughingCat-Info.plist";
				PRODUCT_NAME = "$(TARGET_NAME)";
				WRAPPER_EXTENSION = app;
			};
			name = Release;
		};
/* End XCBuildConfiguration section */

/* Begin XCConfigurationList section */
		5559284513F9312D0050D547 /* Build configuration list for PBXProject "LaughingCat" */ = {
			isa = XCConfigurationList;
			buildConfigurations = (
				5559286A13F9312D0050D547 /* Debug */,
				5559286B13F9312D0050D547 /* Release */,
			);
			defaultConfigurationIsVisible = 0;
			defaultConfigurationName = Release;
		};
		5559286C13F9312D0050D547 /* Build configuration list for PBXNativeTarget "LaughingCat" */ = {
			isa = XCConfigurationList;
			buildConfigurations = (
				5559286D13F9312D0050D547 /* Debug */,
				5559286E13F9312D0050D547 /* Release */,
			);
			defaultConfigurationIsVisible = 0;
			defaultConfigurationName = Release;
		};
/* End XCConfigurationList section */
	};
	rootObject = 5559284213F9312D0050D547 /* Project object */;
}
